
Microsoft Visual Studio Solution File, Format Version 11.00
# Visual Studio 2010
Project("{FAE04EC0-301F-11D3-BF4B-00C04F79EFBC}") = "ILRuntime", "ILRuntime.csproj", "{3A1B5603-11F7-7316-45AA-7CA85DBB695E}"
EndProject
Project("{FAE04EC0-301F-11D3-BF4B-00C04F79EFBC}") = "Framework", "Framework.csproj", "{2FBA3F51-0B1A-2C4E-44AC-2AEAC2FC1A14}"
EndProject
Project("{FAE04EC0-301F-11D3-BF4B-00C04F79EFBC}") = "Unity.RenderPipelines.Universal.Runtime", "Unity.RenderPipelines.Universal.Runtime.csproj", "{B3151EEC-EF1B-B0D0-344D-0FFC509E976B}"
EndProject
Project("{FAE04EC0-301F-11D3-BF4B-00C04F79EFBC}") = "UnityEngine.UI", "UnityEngine.UI.csproj", "{C8DA974E-1B47-BC8E-E6A8-7BF55A8B1A61}"
EndProject
Project("{FAE04EC0-301F-11D3-BF4B-00C04F79EFBC}") = "Unity.RenderPipelines.Core.Runtime", "Unity.RenderPipelines.Core.Runtime.csproj", "{D35A833D-E74D-C026-86FF-3E694E9E024D}"
EndProject
Project("{FAE04EC0-301F-11D3-BF4B-00C04F79EFBC}") = "Runtime", "Runtime.csproj", "{222F5129-0E2F-2006-C564-3A759FF1E03B}"
EndProject
Project("{FAE04EC0-301F-11D3-BF4B-00C04F79EFBC}") = "Unity.RenderPipelines.ShaderGraph.ShaderGraphLibrary", "Unity.RenderPipelines.ShaderGraph.ShaderGraphLibrary.csproj", "{E74FBE38-7349-E3EE-F59F-65586C47BC70}"
EndProject
Project("{FAE04EC0-301F-11D3-BF4B-00C04F79EFBC}") = "Unity.RenderPipeline.Universal.ShaderLibrary", "Unity.RenderPipeline.Universal.ShaderLibrary.csproj", "{E83C4846-8F39-1F7B-DA20-51DD2AF94B5C}"
EndProject
Project("{FAE04EC0-301F-11D3-BF4B-00C04F79EFBC}") = "Unity.RenderPipelines.Core.ShaderLibrary", "Unity.RenderPipelines.Core.ShaderLibrary.csproj", "{78F99C51-363C-3EB3-66C3-F8D543CB0020}"
EndProject
Project("{FAE04EC0-301F-11D3-BF4B-00C04F79EFBC}") = "Unity.RenderPipelines.Universal.Shaders", "Unity.RenderPipelines.Universal.Shaders.csproj", "{25A6CDC2-5D0B-CD60-D120-7417DDEAB9C3}"
EndProject
Project("{FAE04EC0-301F-11D3-BF4B-00C04F79EFBC}") = "Assembly-CSharp", "Assembly-CSharp.csproj", "{12F44184-A422-5F27-22E6-507969043F15}"
EndProject
Project("{FAE04EC0-301F-11D3-BF4B-00C04F79EFBC}") = "Unity.ShaderGraph.Editor", "Unity.ShaderGraph.Editor.csproj", "{964D0B08-23DC-CC12-89EA-52F51A9BC3B7}"
EndProject
Project("{FAE04EC0-301F-11D3-BF4B-00C04F79EFBC}") = "Unity.RenderPipelines.Universal.Editor", "Unity.RenderPipelines.Universal.Editor.csproj", "{F7008514-2A36-4D85-6E95-6604E188694C}"
EndProject
Project("{FAE04EC0-301F-11D3-BF4B-00C04F79EFBC}") = "UnityEditor.UI", "UnityEditor.UI.csproj", "{3AA710AA-B60F-C507-FCCE-BC576A35745B}"
EndProject
Project("{FAE04EC0-301F-11D3-BF4B-00C04F79EFBC}") = "Unity.RenderPipelines.Core.Editor", "Unity.RenderPipelines.Core.Editor.csproj", "{741CA140-855B-CF49-80B3-C95E2E3ED3FB}"
EndProject
Project("{FAE04EC0-301F-11D3-BF4B-00C04F79EFBC}") = "Assembly-CSharp-Editor", "Assembly-CSharp-Editor.csproj", "{5544F79C-5306-909F-C855-53D6959D5DFD}"
EndProject
Project("{FAE04EC0-301F-11D3-BF4B-00C04F79EFBC}") = "Unity.ShaderGraph.Utilities", "Unity.ShaderGraph.Utilities.csproj", "{DC99C9BB-796F-12C6-EF3F-C896533D717C}"
EndProject
Global
	GlobalSection(SolutionConfigurationPlatforms) = preSolution
		Debug|Any CPU = Debug|Any CPU
		Release|Any CPU = Release|Any CPU
	EndGlobalSection
	GlobalSection(ProjectConfigurationPlatforms) = postSolution
		{3A1B5603-11F7-7316-45AA-7CA85DBB695E}.Debug|Any CPU.ActiveCfg = Debug|Any CPU
		{3A1B5603-11F7-7316-45AA-7CA85DBB695E}.Debug|Any CPU.Build.0 = Debug|Any CPU
		{3A1B5603-11F7-7316-45AA-7CA85DBB695E}.Release|Any CPU.ActiveCfg = Release|Any CPU
		{3A1B5603-11F7-7316-45AA-7CA85DBB695E}.Release|Any CPU.Build.0 = Release|Any CPU
		{2FBA3F51-0B1A-2C4E-44AC-2AEAC2FC1A14}.Debug|Any CPU.ActiveCfg = Debug|Any CPU
		{2FBA3F51-0B1A-2C4E-44AC-2AEAC2FC1A14}.Debug|Any CPU.Build.0 = Debug|Any CPU
		{2FBA3F51-0B1A-2C4E-44AC-2AEAC2FC1A14}.Release|Any CPU.ActiveCfg = Release|Any CPU
		{2FBA3F51-0B1A-2C4E-44AC-2AEAC2FC1A14}.Release|Any CPU.Build.0 = Release|Any CPU
		{B3151EEC-EF1B-B0D0-344D-0FFC509E976B}.Debug|Any CPU.ActiveCfg = Debug|Any CPU
		{B3151EEC-EF1B-B0D0-344D-0FFC509E976B}.Debug|Any CPU.Build.0 = Debug|Any CPU
		{B3151EEC-EF1B-B0D0-344D-0FFC509E976B}.Release|Any CPU.ActiveCfg = Release|Any CPU
		{B3151EEC-EF1B-B0D0-344D-0FFC509E976B}.Release|Any CPU.Build.0 = Release|Any CPU
		{C8DA974E-1B47-BC8E-E6A8-7BF55A8B1A61}.Debug|Any CPU.ActiveCfg = Debug|Any CPU
		{C8DA974E-1B47-BC8E-E6A8-7BF55A8B1A61}.Debug|Any CPU.Build.0 = Debug|Any CPU
		{C8DA974E-1B47-BC8E-E6A8-7BF55A8B1A61}.Release|Any CPU.ActiveCfg = Release|Any CPU
		{C8DA974E-1B47-BC8E-E6A8-7BF55A8B1A61}.Release|Any CPU.Build.0 = Release|Any CPU
		{D35A833D-E74D-C026-86FF-3E694E9E024D}.Debug|Any CPU.ActiveCfg = Debug|Any CPU
		{D35A833D-E74D-C026-86FF-3E694E9E024D}.Debug|Any CPU.Build.0 = Debug|Any CPU
		{D35A833D-E74D-C026-86FF-3E694E9E024D}.Release|Any CPU.ActiveCfg = Release|Any CPU
		{D35A833D-E74D-C026-86FF-3E694E9E024D}.Release|Any CPU.Build.0 = Release|Any CPU
		{222F5129-0E2F-2006-C564-3A759FF1E03B}.Debug|Any CPU.ActiveCfg = Debug|Any CPU
		{222F5129-0E2F-2006-C564-3A759FF1E03B}.Debug|Any CPU.Build.0 = Debug|Any CPU
		{222F5129-0E2F-2006-C564-3A759FF1E03B}.Release|Any CPU.ActiveCfg = Release|Any CPU
		{222F5129-0E2F-2006-C564-3A759FF1E03B}.Release|Any CPU.Build.0 = Release|Any CPU
		{E74FBE38-7349-E3EE-F59F-65586C47BC70}.Debug|Any CPU.ActiveCfg = Debug|Any CPU
		{E74FBE38-7349-E3EE-F59F-65586C47BC70}.Debug|Any CPU.Build.0 = Debug|Any CPU
		{E74FBE38-7349-E3EE-F59F-65586C47BC70}.Release|Any CPU.ActiveCfg = Release|Any CPU
		{E74FBE38-7349-E3EE-F59F-65586C47BC70}.Release|Any CPU.Build.0 = Release|Any CPU
		{E83C4846-8F39-1F7B-DA20-51DD2AF94B5C}.Debug|Any CPU.ActiveCfg = Debug|Any CPU
		{E83C4846-8F39-1F7B-DA20-51DD2AF94B5C}.Debug|Any CPU.Build.0 = Debug|Any CPU
		{E83C4846-8F39-1F7B-DA20-51DD2AF94B5C}.Release|Any CPU.ActiveCfg = Release|Any CPU
		{E83C4846-8F39-1F7B-DA20-51DD2AF94B5C}.Release|Any CPU.Build.0 = Release|Any CPU
		{78F99C51-363C-3EB3-66C3-F8D543CB0020}.Debug|Any CPU.ActiveCfg = Debug|Any CPU
		{78F99C51-363C-3EB3-66C3-F8D543CB0020}.Debug|Any CPU.Build.0 = Debug|Any CPU
		{78F99C51-363C-3EB3-66C3-F8D543CB0020}.Release|Any CPU.ActiveCfg = Release|Any CPU
		{78F99C51-363C-3EB3-66C3-F8D543CB0020}.Release|Any CPU.Build.0 = Release|Any CPU
		{25A6CDC2-5D0B-CD60-D120-7417DDEAB9C3}.Debug|Any CPU.ActiveCfg = Debug|Any CPU
		{25A6CDC2-5D0B-CD60-D120-7417DDEAB9C3}.Debug|Any CPU.Build.0 = Debug|Any CPU
		{25A6CDC2-5D0B-CD60-D120-7417DDEAB9C3}.Release|Any CPU.ActiveCfg = Release|Any CPU
		{25A6CDC2-5D0B-CD60-D120-7417DDEAB9C3}.Release|Any CPU.Build.0 = Release|Any CPU
		{12F44184-A422-5F27-22E6-507969043F15}.Debug|Any CPU.ActiveCfg = Debug|Any CPU
		{12F44184-A422-5F27-22E6-507969043F15}.Debug|Any CPU.Build.0 = Debug|Any CPU
		{12F44184-A422-5F27-22E6-507969043F15}.Release|Any CPU.ActiveCfg = Release|Any CPU
		{12F44184-A422-5F27-22E6-507969043F15}.Release|Any CPU.Build.0 = Release|Any CPU
		{964D0B08-23DC-CC12-89EA-52F51A9BC3B7}.Debug|Any CPU.ActiveCfg = Debug|Any CPU
		{964D0B08-23DC-CC12-89EA-52F51A9BC3B7}.Debug|Any CPU.Build.0 = Debug|Any CPU
		{964D0B08-23DC-CC12-89EA-52F51A9BC3B7}.Release|Any CPU.ActiveCfg = Release|Any CPU
		{964D0B08-23DC-CC12-89EA-52F51A9BC3B7}.Release|Any CPU.Build.0 = Release|Any CPU
		{F7008514-2A36-4D85-6E95-6604E188694C}.Debug|Any CPU.ActiveCfg = Debug|Any CPU
		{F7008514-2A36-4D85-6E95-6604E188694C}.Debug|Any CPU.Build.0 = Debug|Any CPU
		{F7008514-2A36-4D85-6E95-6604E188694C}.Release|Any CPU.ActiveCfg = Release|Any CPU
		{F7008514-2A36-4D85-6E95-6604E188694C}.Release|Any CPU.Build.0 = Release|Any CPU
		{3AA710AA-B60F-C507-FCCE-BC576A35745B}.Debug|Any CPU.ActiveCfg = Debug|Any CPU
		{3AA710AA-B60F-C507-FCCE-BC576A35745B}.Debug|Any CPU.Build.0 = Debug|Any CPU
		{3AA710AA-B60F-C507-FCCE-BC576A35745B}.Release|Any CPU.ActiveCfg = Release|Any CPU
		{3AA710AA-B60F-C507-FCCE-BC576A35745B}.Release|Any CPU.Build.0 = Release|Any CPU
		{741CA140-855B-CF49-80B3-C95E2E3ED3FB}.Debug|Any CPU.ActiveCfg = Debug|Any CPU
		{741CA140-855B-CF49-80B3-C95E2E3ED3FB}.Debug|Any CPU.Build.0 = Debug|Any CPU
		{741CA140-855B-CF49-80B3-C95E2E3ED3FB}.Release|Any CPU.ActiveCfg = Release|Any CPU
		{741CA140-855B-CF49-80B3-C95E2E3ED3FB}.Release|Any CPU.Build.0 = Release|Any CPU
		{5544F79C-5306-909F-C855-53D6959D5DFD}.Debug|Any CPU.ActiveCfg = Debug|Any CPU
		{5544F79C-5306-909F-C855-53D6959D5DFD}.Debug|Any CPU.Build.0 = Debug|Any CPU
		{5544F79C-5306-909F-C855-53D6959D5DFD}.Release|Any CPU.ActiveCfg = Release|Any CPU
		{5544F79C-5306-909F-C855-53D6959D5DFD}.Release|Any CPU.Build.0 = Release|Any CPU
		{DC99C9BB-796F-12C6-EF3F-C896533D717C}.Debug|Any CPU.ActiveCfg = Debug|Any CPU
		{DC99C9BB-796F-12C6-EF3F-C896533D717C}.Debug|Any CPU.Build.0 = Debug|Any CPU
		{DC99C9BB-796F-12C6-EF3F-C896533D717C}.Release|Any CPU.ActiveCfg = Release|Any CPU
		{DC99C9BB-796F-12C6-EF3F-C896533D717C}.Release|Any CPU.Build.0 = Release|Any CPU
	EndGlobalSection
	GlobalSection(SolutionProperties) = preSolution
		HideSolutionNode = FALSE
	EndGlobalSection
EndGlobal
